
Microsoft Visual Studio Solution File, Format Version 12.00
# Visual Studio 15
VisualStudioVersion = 15.0.28307.572
MinimumVisualStudioVersion = 10.0.40219.1
Project("{FAE04EC0-301F-11D3-BF4B-00C04F79EFBC}") = "DataLayer", "DataLayer\DataLayer.csproj", "{9F846D0A-551E-4279-8116-F2C4ACA1EAF4}"
EndProject
Project("{FAE04EC0-301F-11D3-BF4B-00C04F79EFBC}") = "PresentationLayer", "PresentationLayer\PresentationLayer.csproj", "{15C59A7E-4BB0-44E7-856D-37101BA6D05B}"
EndProject
Project("{FAE04EC0-301F-11D3-BF4B-00C04F79EFBC}") = "DTO", "DTO\DTO.csproj", "{19FB4D63-9057-40B3-BBDB-5915F4245ED9}"
EndProject
Project("{FAE04EC0-301F-11D3-BF4B-00C04F79EFBC}") = "BuisnessLayer", "BuisnessLayer\BuisnessLayer.csproj", "{61BF10D5-1D31-4DAD-83EA-F5D7E21C2647}"
EndProject
Project("{FAE04EC0-301F-11D3-BF4B-00C04F79EFBC}") = "DataLayerHandler", "DataLayerHandler\DataLayerHandler.csproj", "{B02CDFAF-97B8-475A-B2D6-3EA36D59D117}"
EndProject
Project("{FAE04EC0-301F-11D3-BF4B-00C04F79EFBC}") = "WebAppFinal", "WebAppFinal\WebAppFinal.csproj", "{5E23594F-F936-4437-829E-F1D647208F25}"
EndProject
Global
	GlobalSection(SolutionConfigurationPlatforms) = preSolution
		Debug|Any CPU = Debug|Any CPU
		Release|Any CPU = Release|Any CPU
	EndGlobalSection
	GlobalSection(ProjectConfigurationPlatforms) = postSolution
		{9F846D0A-551E-4279-8116-F2C4ACA1EAF4}.Debug|Any CPU.ActiveCfg = Debug|Any CPU
		{9F846D0A-551E-4279-8116-F2C4ACA1EAF4}.Debug|Any CPU.Build.0 = Debug|Any CPU
		{9F846D0A-551E-4279-8116-F2C4ACA1EAF4}.Release|Any CPU.ActiveCfg = Release|Any CPU
		{9F846D0A-551E-4279-8116-F2C4ACA1EAF4}.Release|Any CPU.Build.0 = Release|Any CPU
		{15C59A7E-4BB0-44E7-856D-37101BA6D05B}.Debug|Any CPU.ActiveCfg = Debug|Any CPU
		{15C59A7E-4BB0-44E7-856D-37101BA6D05B}.Debug|Any CPU.Build.0 = Debug|Any CPU
		{15C59A7E-4BB0-44E7-856D-37101BA6D05B}.Release|Any CPU.ActiveCfg = Release|Any CPU
		{15C59A7E-4BB0-44E7-856D-37101BA6D05B}.Release|Any CPU.Build.0 = Release|Any CPU
		{19FB4D63-9057-40B3-BBDB-5915F4245ED9}.Debug|Any CPU.ActiveCfg = Debug|Any CPU
		{19FB4D63-9057-40B3-BBDB-5915F4245ED9}.Debug|Any CPU.Build.0 = Debug|Any CPU
		{19FB4D63-9057-40B3-BBDB-5915F4245ED9}.Release|Any CPU.ActiveCfg = Release|Any CPU
		{19FB4D63-9057-40B3-BBDB-5915F4245ED9}.Release|Any CPU.Build.0 = Release|Any CPU
		{61BF10D5-1D31-4DAD-83EA-F5D7E21C2647}.Debug|Any CPU.ActiveCfg = Debug|Any CPU
		{61BF10D5-1D31-4DAD-83EA-F5D7E21C2647}.Debug|Any CPU.Build.0 = Debug|Any CPU
		{61BF10D5-1D31-4DAD-83EA-F5D7E21C2647}.Release|Any CPU.ActiveCfg = Release|Any CPU
		{61BF10D5-1D31-4DAD-83EA-F5D7E21C2647}.Release|Any CPU.Build.0 = Release|Any CPU
		{B02CDFAF-97B8-475A-B2D6-3EA36D59D117}.Debug|Any CPU.ActiveCfg = Debug|Any CPU
		{B02CDFAF-97B8-475A-B2D6-3EA36D59D117}.Debug|Any CPU.Build.0 = Debug|Any CPU
		{B02CDFAF-97B8-475A-B2D6-3EA36D59D117}.Release|Any CPU.ActiveCfg = Release|Any CPU
		{B02CDFAF-97B8-475A-B2D6-3EA36D59D117}.Release|Any CPU.Build.0 = Release|Any CPU
		{5E23594F-F936-4437-829E-F1D647208F25}.Debug|Any CPU.ActiveCfg = Debug|Any CPU
		{5E23594F-F936-4437-829E-F1D647208F25}.Debug|Any CPU.Build.0 = Debug|Any CPU
		{5E23594F-F936-4437-829E-F1D647208F25}.Release|Any CPU.ActiveCfg = Release|Any CPU
		{5E23594F-F936-4437-829E-F1D647208F25}.Release|Any CPU.Build.0 = Release|Any CPU
	EndGlobalSection
	GlobalSection(SolutionProperties) = preSolution
		HideSolutionNode = FALSE
	EndGlobalSection
	GlobalSection(ExtensibilityGlobals) = postSolution
		SolutionGuid = {DB60F5FD-5544-4172-B2ED-C8F99BF2167C}
	EndGlobalSection
EndGlobal
